
Microsoft Visual Studio Solution File, Format Version 12.00
# Visual Studio Version 17
VisualStudioVersion = 17.14.36717.8 d17.14
MinimumVisualStudioVersion = 10.0.40219.1
Project("{2150E333-8FDC-42A3-9474-1A3956D46DE8}") = "API", "API", "{65BAF335-48D8-42E6-A6BC-F63CE26F172E}"
EndProject
Project("{2150E333-8FDC-42A3-9474-1A3956D46DE8}") = "Libraries", "Libraries", "{BADC0BBA-D289-4C31-9F73-7A5EF4308D23}"
EndProject
Project("{2150E333-8FDC-42A3-9474-1A3956D46DE8}") = "Jobs", "Jobs", "{9BF0308F-C552-49CD-89A6-A68209E6ED45}"
EndProject
Project("{2150E333-8FDC-42A3-9474-1A3956D46DE8}") = "Authorization", "Authorization", "{4A5B6B1F-6D32-4487-981D-05FD48556AB0}"
EndProject
Project("{2150E333-8FDC-42A3-9474-1A3956D46DE8}") = "Products", "Products", "{35581C63-ADB6-45E1-9C18-9A3B284D7A3D}"
EndProject
Project("{2150E333-8FDC-42A3-9474-1A3956D46DE8}") = "Search", "Search", "{5E3BDEC3-0DD2-495A-8501-62385A4AFD94}"
EndProject
Project("{FAE04EC0-301F-11D3-BF4B-00C04F79EFBC}") = "Authorization.API", "Authorization.API\Authorization.API.csproj", "{EC7664E9-F2EE-4C0A-9271-3BAB70BEB1D2}"
EndProject
Project("{FAE04EC0-301F-11D3-BF4B-00C04F79EFBC}") = "Authorization.Application", "Authorization.Application\Authorization.Application.csproj", "{8D86B643-EDEB-41A7-AC75-F545FCC36584}"
EndProject
Project("{FAE04EC0-301F-11D3-BF4B-00C04F79EFBC}") = "Authorization.Domain", "Authorization.Domain\Authorization.Domain.csproj", "{3D85B473-5ED3-4950-898F-CED58BD6BFCE}"
EndProject
Project("{FAE04EC0-301F-11D3-BF4B-00C04F79EFBC}") = "Authorization.Infrastructure", "Authorization.Infrastructure\Authorization.Infrastructure.csproj", "{5405D2A4-2A6E-45D1-91D7-7CC98140A602}"
EndProject
Project("{FAE04EC0-301F-11D3-BF4B-00C04F79EFBC}") = "Authorization.Tests", "Authorization.Tests\Authorization.Tests.csproj", "{F32A0E22-A585-420E-A522-19C09A78AF43}"
EndProject
Project("{FAE04EC0-301F-11D3-BF4B-00C04F79EFBC}") = "Products.API", "Products.API\Products.API.csproj", "{BC5959E9-D1B1-4129-BAFC-093C92B0E120}"
EndProject
Project("{FAE04EC0-301F-11D3-BF4B-00C04F79EFBC}") = "Products.Application", "Products.Application\Products.Application.csproj", "{6CD32389-A41D-4CD7-9417-048B6A1444A8}"
EndProject
Project("{FAE04EC0-301F-11D3-BF4B-00C04F79EFBC}") = "Products.Domain", "Products.Domain\Products.Domain.csproj", "{02D400DB-8744-454C-A7A1-14E84C5CB398}"
EndProject
Project("{FAE04EC0-301F-11D3-BF4B-00C04F79EFBC}") = "Products.Infrastructure", "Products.Infrastructure\Products.Infrastructure.csproj", "{C701AF24-E7AF-45D5-AE52-65DA86DFE401}"
EndProject
Project("{FAE04EC0-301F-11D3-BF4B-00C04F79EFBC}") = "Products.Tests", "Products.Tests\Products.Tests.csproj", "{A230F8EA-3C95-425C-94D8-9F4B1BF06141}"
EndProject
Project("{FAE04EC0-301F-11D3-BF4B-00C04F79EFBC}") = "Search.API", "Search.API\Search.API.csproj", "{46278B55-3C99-4FB8-B386-6EA547A98151}"
EndProject
Project("{FAE04EC0-301F-11D3-BF4B-00C04F79EFBC}") = "Search.Application", "Search.Application\Search.Application.csproj", "{3DDD9123-97FD-4426-B221-4D53F9E956DD}"
EndProject
Project("{FAE04EC0-301F-11D3-BF4B-00C04F79EFBC}") = "Search.Domain", "Search.Domain\Search.Domain.csproj", "{E646027F-438F-44A4-A729-3AAA5E0EC2CC}"
EndProject
Project("{FAE04EC0-301F-11D3-BF4B-00C04F79EFBC}") = "Search.Infrastructure", "Search.Infrastructure\Search.Infrastructure.csproj", "{65375564-CD64-4EA8-BE41-E9818613520E}"
EndProject
Project("{FAE04EC0-301F-11D3-BF4B-00C04F79EFBC}") = "Shared", "Shared\Shared.csproj", "{8C81F249-7A84-412E-A092-47AF98D0A949}"
EndProject
Project("{FAE04EC0-301F-11D3-BF4B-00C04F79EFBC}") = "Services", "Services\Services.csproj", "{E553EEAA-C380-4025-88FC-CAADC371F16C}"
EndProject
Project("{2150E333-8FDC-42A3-9474-1A3956D46DE8}") = "CRM", "CRM", "{02EA681E-C7D8-13C7-8484-4AC65E1B71E8}"
EndProject
Project("{FAE04EC0-301F-11D3-BF4B-00C04F79EFBC}") = "CRM.API", "CRM.API\CRM.API.csproj", "{8F9AEEE2-AED3-4833-8B61-4D86A69091C7}"
EndProject
Project("{FAE04EC0-301F-11D3-BF4B-00C04F79EFBC}") = "CRM.Application", "CRM.Application\CRM.Application.csproj", "{23B83A2C-5877-4E3E-B23E-DB41D23E2A2C}"
EndProject
Project("{FAE04EC0-301F-11D3-BF4B-00C04F79EFBC}") = "CRM.Domain", "CRM.Domain\CRM.Domain.csproj", "{80255BA4-F1C0-433C-BF66-C79452809C80}"
EndProject
Project("{FAE04EC0-301F-11D3-BF4B-00C04F79EFBC}") = "CRM.Infrastructure", "CRM.Infrastructure\CRM.Infrastructure.csproj", "{FBED65EE-F444-4F69-8A48-19A67B2362AB}"
EndProject
Project("{FAE04EC0-301F-11D3-BF4B-00C04F79EFBC}") = "CRM.Tests", "CRM.Tests\CRM.Tests.csproj", "{B61A3CA9-A109-4CC5-B4EF-52958112BC14}"
EndProject
Global
	GlobalSection(SolutionConfigurationPlatforms) = preSolution
		Debug|Any CPU = Debug|Any CPU
		Release|Any CPU = Release|Any CPU
	EndGlobalSection
	GlobalSection(ProjectConfigurationPlatforms) = postSolution
		{EC7664E9-F2EE-4C0A-9271-3BAB70BEB1D2}.Debug|Any CPU.ActiveCfg = Debug|Any CPU
		{EC7664E9-F2EE-4C0A-9271-3BAB70BEB1D2}.Debug|Any CPU.Build.0 = Debug|Any CPU
		{EC7664E9-F2EE-4C0A-9271-3BAB70BEB1D2}.Release|Any CPU.ActiveCfg = Release|Any CPU
		{EC7664E9-F2EE-4C0A-9271-3BAB70BEB1D2}.Release|Any CPU.Build.0 = Release|Any CPU
		{8D86B643-EDEB-41A7-AC75-F545FCC36584}.Debug|Any CPU.ActiveCfg = Debug|Any CPU
		{8D86B643-EDEB-41A7-AC75-F545FCC36584}.Debug|Any CPU.Build.0 = Debug|Any CPU
		{8D86B643-EDEB-41A7-AC75-F545FCC36584}.Release|Any CPU.ActiveCfg = Release|Any CPU
		{8D86B643-EDEB-41A7-AC75-F545FCC36584}.Release|Any CPU.Build.0 = Release|Any CPU
		{3D85B473-5ED3-4950-898F-CED58BD6BFCE}.Debug|Any CPU.ActiveCfg = Debug|Any CPU
		{3D85B473-5ED3-4950-898F-CED58BD6BFCE}.Debug|Any CPU.Build.0 = Debug|Any CPU
		{3D85B473-5ED3-4950-898F-CED58BD6BFCE}.Release|Any CPU.ActiveCfg = Release|Any CPU
		{3D85B473-5ED3-4950-898F-CED58BD6BFCE}.Release|Any CPU.Build.0 = Release|Any CPU
		{5405D2A4-2A6E-45D1-91D7-7CC98140A602}.Debug|Any CPU.ActiveCfg = Debug|Any CPU
		{5405D2A4-2A6E-45D1-91D7-7CC98140A602}.Debug|Any CPU.Build.0 = Debug|Any CPU
		{5405D2A4-2A6E-45D1-91D7-7CC98140A602}.Release|Any CPU.ActiveCfg = Release|Any CPU
		{5405D2A4-2A6E-45D1-91D7-7CC98140A602}.Release|Any CPU.Build.0 = Release|Any CPU
		{F32A0E22-A585-420E-A522-19C09A78AF43}.Debug|Any CPU.ActiveCfg = Debug|Any CPU
		{F32A0E22-A585-420E-A522-19C09A78AF43}.Debug|Any CPU.Build.0 = Debug|Any CPU
		{F32A0E22-A585-420E-A522-19C09A78AF43}.Release|Any CPU.ActiveCfg = Release|Any CPU
		{F32A0E22-A585-420E-A522-19C09A78AF43}.Release|Any CPU.Build.0 = Release|Any CPU
		{BC5959E9-D1B1-4129-BAFC-093C92B0E120}.Debug|Any CPU.ActiveCfg = Debug|Any CPU
		{BC5959E9-D1B1-4129-BAFC-093C92B0E120}.Debug|Any CPU.Build.0 = Debug|Any CPU
		{BC5959E9-D1B1-4129-BAFC-093C92B0E120}.Release|Any CPU.ActiveCfg = Release|Any CPU
		{BC5959E9-D1B1-4129-BAFC-093C92B0E120}.Release|Any CPU.Build.0 = Release|Any CPU
		{6CD32389-A41D-4CD7-9417-048B6A1444A8}.Debug|Any CPU.ActiveCfg = Debug|Any CPU
		{6CD32389-A41D-4CD7-9417-048B6A1444A8}.Debug|Any CPU.Build.0 = Debug|Any CPU
		{6CD32389-A41D-4CD7-9417-048B6A1444A8}.Release|Any CPU.ActiveCfg = Release|Any CPU
		{6CD32389-A41D-4CD7-9417-048B6A1444A8}.Release|Any CPU.Build.0 = Release|Any CPU
		{02D400DB-8744-454C-A7A1-14E84C5CB398}.Debug|Any CPU.ActiveCfg = Debug|Any CPU
		{02D400DB-8744-454C-A7A1-14E84C5CB398}.Debug|Any CPU.Build.0 = Debug|Any CPU
		{02D400DB-8744-454C-A7A1-14E84C5CB398}.Release|Any CPU.ActiveCfg = Release|Any CPU
		{02D400DB-8744-454C-A7A1-14E84C5CB398}.Release|Any CPU.Build.0 = Release|Any CPU
		{C701AF24-E7AF-45D5-AE52-65DA86DFE401}.Debug|Any CPU.ActiveCfg = Debug|Any CPU
		{C701AF24-E7AF-45D5-AE52-65DA86DFE401}.Debug|Any CPU.Build.0 = Debug|Any CPU
		{C701AF24-E7AF-45D5-AE52-65DA86DFE401}.Release|Any CPU.ActiveCfg = Release|Any CPU
		{C701AF24-E7AF-45D5-AE52-65DA86DFE401}.Release|Any CPU.Build.0 = Release|Any CPU
		{A230F8EA-3C95-425C-94D8-9F4B1BF06141}.Debug|Any CPU.ActiveCfg = Debug|Any CPU
		{A230F8EA-3C95-425C-94D8-9F4B1BF06141}.Debug|Any CPU.Build.0 = Debug|Any CPU
		{A230F8EA-3C95-425C-94D8-9F4B1BF06141}.Release|Any CPU.ActiveCfg = Release|Any CPU
		{A230F8EA-3C95-425C-94D8-9F4B1BF06141}.Release|Any CPU.Build.0 = Release|Any CPU
		{46278B55-3C99-4FB8-B386-6EA547A98151}.Debug|Any CPU.ActiveCfg = Debug|Any CPU
		{46278B55-3C99-4FB8-B386-6EA547A98151}.Debug|Any CPU.Build.0 = Debug|Any CPU
		{46278B55-3C99-4FB8-B386-6EA547A98151}.Release|Any CPU.ActiveCfg = Release|Any CPU
		{46278B55-3C99-4FB8-B386-6EA547A98151}.Release|Any CPU.Build.0 = Release|Any CPU
		{3DDD9123-97FD-4426-B221-4D53F9E956DD}.Debug|Any CPU.ActiveCfg = Debug|Any CPU
		{3DDD9123-97FD-4426-B221-4D53F9E956DD}.Debug|Any CPU.Build.0 = Debug|Any CPU
		{3DDD9123-97FD-4426-B221-4D53F9E956DD}.Release|Any CPU.ActiveCfg = Release|Any CPU
		{3DDD9123-97FD-4426-B221-4D53F9E956DD}.Release|Any CPU.Build.0 = Release|Any CPU
		{E646027F-438F-44A4-A729-3AAA5E0EC2CC}.Debug|Any CPU.ActiveCfg = Debug|Any CPU
		{E646027F-438F-44A4-A729-3AAA5E0EC2CC}.Debug|Any CPU.Build.0 = Debug|Any CPU
		{E646027F-438F-44A4-A729-3AAA5E0EC2CC}.Release|Any CPU.ActiveCfg = Release|Any CPU
		{E646027F-438F-44A4-A729-3AAA5E0EC2CC}.Release|Any CPU.Build.0 = Release|Any CPU
		{65375564-CD64-4EA8-BE41-E9818613520E}.Debug|Any CPU.ActiveCfg = Debug|Any CPU
		{65375564-CD64-4EA8-BE41-E9818613520E}.Debug|Any CPU.Build.0 = Debug|Any CPU
		{65375564-CD64-4EA8-BE41-E9818613520E}.Release|Any CPU.ActiveCfg = Release|Any CPU
		{65375564-CD64-4EA8-BE41-E9818613520E}.Release|Any CPU.Build.0 = Release|Any CPU
		{8C81F249-7A84-412E-A092-47AF98D0A949}.Debug|Any CPU.ActiveCfg = Debug|Any CPU
		{8C81F249-7A84-412E-A092-47AF98D0A949}.Debug|Any CPU.Build.0 = Debug|Any CPU
		{8C81F249-7A84-412E-A092-47AF98D0A949}.Release|Any CPU.ActiveCfg = Release|Any CPU
		{8C81F249-7A84-412E-A092-47AF98D0A949}.Release|Any CPU.Build.0 = Release|Any CPU
		{E553EEAA-C380-4025-88FC-CAADC371F16C}.Debug|Any CPU.ActiveCfg = Debug|Any CPU
		{E553EEAA-C380-4025-88FC-CAADC371F16C}.Debug|Any CPU.Build.0 = Debug|Any CPU
		{E553EEAA-C380-4025-88FC-CAADC371F16C}.Release|Any CPU.ActiveCfg = Release|Any CPU
		{E553EEAA-C380-4025-88FC-CAADC371F16C}.Release|Any CPU.Build.0 = Release|Any CPU
		{8F9AEEE2-AED3-4833-8B61-4D86A69091C7}.Debug|Any CPU.ActiveCfg = Debug|Any CPU
		{8F9AEEE2-AED3-4833-8B61-4D86A69091C7}.Debug|Any CPU.Build.0 = Debug|Any CPU
		{8F9AEEE2-AED3-4833-8B61-4D86A69091C7}.Release|Any CPU.ActiveCfg = Release|Any CPU
		{8F9AEEE2-AED3-4833-8B61-4D86A69091C7}.Release|Any CPU.Build.0 = Release|Any CPU
		{23B83A2C-5877-4E3E-B23E-DB41D23E2A2C}.Debug|Any CPU.ActiveCfg = Debug|Any CPU
		{23B83A2C-5877-4E3E-B23E-DB41D23E2A2C}.Debug|Any CPU.Build.0 = Debug|Any CPU
		{23B83A2C-5877-4E3E-B23E-DB41D23E2A2C}.Release|Any CPU.ActiveCfg = Release|Any CPU
		{23B83A2C-5877-4E3E-B23E-DB41D23E2A2C}.Release|Any CPU.Build.0 = Release|Any CPU
		{80255BA4-F1C0-433C-BF66-C79452809C80}.Debug|Any CPU.ActiveCfg = Debug|Any CPU
		{80255BA4-F1C0-433C-BF66-C79452809C80}.Debug|Any CPU.Build.0 = Debug|Any CPU
		{80255BA4-F1C0-433C-BF66-C79452809C80}.Release|Any CPU.ActiveCfg = Release|Any CPU
		{80255BA4-F1C0-433C-BF66-C79452809C80}.Release|Any CPU.Build.0 = Release|Any CPU
		{FBED65EE-F444-4F69-8A48-19A67B2362AB}.Debug|Any CPU.ActiveCfg = Debug|Any CPU
		{FBED65EE-F444-4F69-8A48-19A67B2362AB}.Debug|Any CPU.Build.0 = Debug|Any CPU
		{FBED65EE-F444-4F69-8A48-19A67B2362AB}.Release|Any CPU.ActiveCfg = Release|Any CPU
		{FBED65EE-F444-4F69-8A48-19A67B2362AB}.Release|Any CPU.Build.0 = Release|Any CPU
		{B61A3CA9-A109-4CC5-B4EF-52958112BC14}.Debug|Any CPU.ActiveCfg = Debug|Any CPU
		{B61A3CA9-A109-4CC5-B4EF-52958112BC14}.Debug|Any CPU.Build.0 = Debug|Any CPU
		{B61A3CA9-A109-4CC5-B4EF-52958112BC14}.Release|Any CPU.ActiveCfg = Release|Any CPU
		{B61A3CA9-A109-4CC5-B4EF-52958112BC14}.Release|Any CPU.Build.0 = Release|Any CPU
	EndGlobalSection
	GlobalSection(SolutionProperties) = preSolution
		HideSolutionNode = FALSE
	EndGlobalSection
	GlobalSection(NestedProjects) = preSolution
		{4A5B6B1F-6D32-4487-981D-05FD48556AB0} = {65BAF335-48D8-42E6-A6BC-F63CE26F172E}
		{35581C63-ADB6-45E1-9C18-9A3B284D7A3D} = {65BAF335-48D8-42E6-A6BC-F63CE26F172E}
		{5E3BDEC3-0DD2-495A-8501-62385A4AFD94} = {65BAF335-48D8-42E6-A6BC-F63CE26F172E}
		{EC7664E9-F2EE-4C0A-9271-3BAB70BEB1D2} = {4A5B6B1F-6D32-4487-981D-05FD48556AB0}
		{8D86B643-EDEB-41A7-AC75-F545FCC36584} = {4A5B6B1F-6D32-4487-981D-05FD48556AB0}
		{3D85B473-5ED3-4950-898F-CED58BD6BFCE} = {4A5B6B1F-6D32-4487-981D-05FD48556AB0}
		{5405D2A4-2A6E-45D1-91D7-7CC98140A602} = {4A5B6B1F-6D32-4487-981D-05FD48556AB0}
		{F32A0E22-A585-420E-A522-19C09A78AF43} = {4A5B6B1F-6D32-4487-981D-05FD48556AB0}
		{BC5959E9-D1B1-4129-BAFC-093C92B0E120} = {35581C63-ADB6-45E1-9C18-9A3B284D7A3D}
		{6CD32389-A41D-4CD7-9417-048B6A1444A8} = {35581C63-ADB6-45E1-9C18-9A3B284D7A3D}
		{02D400DB-8744-454C-A7A1-14E84C5CB398} = {35581C63-ADB6-45E1-9C18-9A3B284D7A3D}
		{C701AF24-E7AF-45D5-AE52-65DA86DFE401} = {35581C63-ADB6-45E1-9C18-9A3B284D7A3D}
		{A230F8EA-3C95-425C-94D8-9F4B1BF06141} = {35581C63-ADB6-45E1-9C18-9A3B284D7A3D}
		{46278B55-3C99-4FB8-B386-6EA547A98151} = {5E3BDEC3-0DD2-495A-8501-62385A4AFD94}
		{3DDD9123-97FD-4426-B221-4D53F9E956DD} = {5E3BDEC3-0DD2-495A-8501-62385A4AFD94}
		{E646027F-438F-44A4-A729-3AAA5E0EC2CC} = {5E3BDEC3-0DD2-495A-8501-62385A4AFD94}
		{65375564-CD64-4EA8-BE41-E9818613520E} = {5E3BDEC3-0DD2-495A-8501-62385A4AFD94}
		{8C81F249-7A84-412E-A092-47AF98D0A949} = {BADC0BBA-D289-4C31-9F73-7A5EF4308D23}
		{E553EEAA-C380-4025-88FC-CAADC371F16C} = {BADC0BBA-D289-4C31-9F73-7A5EF4308D23}
		{02EA681E-C7D8-13C7-8484-4AC65E1B71E8} = {65BAF335-48D8-42E6-A6BC-F63CE26F172E}
		{8F9AEEE2-AED3-4833-8B61-4D86A69091C7} = {02EA681E-C7D8-13C7-8484-4AC65E1B71E8}
		{23B83A2C-5877-4E3E-B23E-DB41D23E2A2C} = {02EA681E-C7D8-13C7-8484-4AC65E1B71E8}
		{80255BA4-F1C0-433C-BF66-C79452809C80} = {02EA681E-C7D8-13C7-8484-4AC65E1B71E8}
		{FBED65EE-F444-4F69-8A48-19A67B2362AB} = {02EA681E-C7D8-13C7-8484-4AC65E1B71E8}
		{B61A3CA9-A109-4CC5-B4EF-52958112BC14} = {02EA681E-C7D8-13C7-8484-4AC65E1B71E8}
	EndGlobalSection
	GlobalSection(ExtensibilityGlobals) = postSolution
		SolutionGuid = {BA960767-19E5-421C-AB2C-DF3615011232}
	EndGlobalSection
EndGlobal
